
Microsoft Visual Studio Solution File, Format Version 12.00
# Visual Studio Version 17
VisualStudioVersion = 17.14.36109.1 d17.14
MinimumVisualStudioVersion = 10.0.40219.1
Project("{FAE04EC0-301F-11D3-BF4B-00C04F79EFBC}") = "FullstackTestCS", "FullstackTestCS\FullstackTestCS.csproj", "{1A9B0C11-F7EF-4509-8B32-7E2EE49D8681}"
EndProject
Global
	GlobalSection(SolutionConfigurationPlatforms) = preSolution
		Debug|Any CPU = Debug|Any CPU
		Release|Any CPU = Release|Any CPU
	EndGlobalSection
	GlobalSection(ProjectConfigurationPlatforms) = postSolution
		{1A9B0C11-F7EF-4509-8B32-7E2EE49D8681}.Debug|Any CPU.ActiveCfg = Debug|Any CPU
		{1A9B0C11-F7EF-4509-8B32-7E2EE49D8681}.Debug|Any CPU.Build.0 = Debug|Any CPU
		{1A9B0C11-F7EF-4509-8B32-7E2EE49D8681}.Release|Any CPU.ActiveCfg = Release|Any CPU
		{1A9B0C11-F7EF-4509-8B32-7E2EE49D8681}.Release|Any CPU.Build.0 = Release|Any CPU
	EndGlobalSection
	GlobalSection(SolutionProperties) = preSolution
		HideSolutionNode = FALSE
	EndGlobalSection
	GlobalSection(ExtensibilityGlobals) = postSolution
		SolutionGuid = {F5A56122-0460-4246-AB99-DCD674EB0F05}
	EndGlobalSection
EndGlobal
